// !$*UTF8*$!
{
	archiveVersion = 1;
	classes = {
	};
	objectVersion = 56;
	objects = {

/* Begin PBXBuildFile section */
		F8B02EE12982CBDA00A67BAB /* CarteiraDoPrimoApp.swift in Sources */ = {isa = PBXBuildFile; fileRef = F8B02EE02982CBDA00A67BAB /* CarteiraDoPrimoApp.swift */; };
		F8B02EE52982CBDB00A67BAB /* Assets.xcassets in Resources */ = {isa = PBXBuildFile; fileRef = F8B02EE42982CBDB00A67BAB /* Assets.xcassets */; };
		F8B02EE82982CBDB00A67BAB /* Preview Assets.xcassets in Resources */ = {isa = PBXBuildFile; fileRef = F8B02EE72982CBDB00A67BAB /* Preview Assets.xcassets */; };
		F8B02EEF2982CC3F00A67BAB /* ChartExample.swift in Sources */ = {isa = PBXBuildFile; fileRef = F8B02EEE2982CC3E00A67BAB /* ChartExample.swift */; };
		F8E4B7002982FF1500107884 /* MainView.swift in Sources */ = {isa = PBXBuildFile; fileRef = F8E4B6FF2982FF1500107884 /* MainView.swift */; };
		F8E4B702298301B600107884 /* SummaryView.swift in Sources */ = {isa = PBXBuildFile; fileRef = F8E4B701298301B600107884 /* SummaryView.swift */; };
		F8E4B704298301ED00107884 /* PortifolioView.swift in Sources */ = {isa = PBXBuildFile; fileRef = F8E4B703298301ED00107884 /* PortifolioView.swift */; };
		F8E4B7062983021800107884 /* DividendsView.swift in Sources */ = {isa = PBXBuildFile; fileRef = F8E4B7052983021800107884 /* DividendsView.swift */; };
		F8E4B7082983028000107884 /* HistoryView.swift in Sources */ = {isa = PBXBuildFile; fileRef = F8E4B7072983028000107884 /* HistoryView.swift */; };
		F8E4B70A2983061600107884 /* PlusView.swift in Sources */ = {isa = PBXBuildFile; fileRef = F8E4B7092983061600107884 /* PlusView.swift */; };
/* End PBXBuildFile section */

/* Begin PBXFileReference section */
		F8B02EDD2982CBDA00A67BAB /* CarteiraDoPrimo.app */ = {isa = PBXFileReference; explicitFileType = wrapper.application; includeInIndex = 0; path = CarteiraDoPrimo.app; sourceTree = BUILT_PRODUCTS_DIR; };
		F8B02EE02982CBDA00A67BAB /* CarteiraDoPrimoApp.swift */ = {isa = PBXFileReference; lastKnownFileType = sourcecode.swift; path = CarteiraDoPrimoApp.swift; sourceTree = "<group>"; };
		F8B02EE42982CBDB00A67BAB /* Assets.xcassets */ = {isa = PBXFileReference; lastKnownFileType = folder.assetcatalog; path = Assets.xcassets; sourceTree = "<group>"; };
		F8B02EE72982CBDB00A67BAB /* Preview Assets.xcassets */ = {isa = PBXFileReference; lastKnownFileType = folder.assetcatalog; path = "Preview Assets.xcassets"; sourceTree = "<group>"; };
		F8B02EEE2982CC3E00A67BAB /* ChartExample.swift */ = {isa = PBXFileReference; lastKnownFileType = sourcecode.swift; path = ChartExample.swift; sourceTree = "<group>"; };
		F8E4B6FF2982FF1500107884 /* MainView.swift */ = {isa = PBXFileReference; lastKnownFileType = sourcecode.swift; path = MainView.swift; sourceTree = "<group>"; };
		F8E4B701298301B600107884 /* SummaryView.swift */ = {isa = PBXFileReference; lastKnownFileType = sourcecode.swift; path = SummaryView.swift; sourceTree = "<group>"; };
		F8E4B703298301ED00107884 /* PortifolioView.swift */ = {isa = PBXFileReference; lastKnownFileType = sourcecode.swift; path = PortifolioView.swift; sourceTree = "<group>"; };
		F8E4B7052983021800107884 /* DividendsView.swift */ = {isa = PBXFileReference; lastKnownFileType = sourcecode.swift; path = DividendsView.swift; sourceTree = "<group>"; };
		F8E4B7072983028000107884 /* HistoryView.swift */ = {isa = PBXFileReference; lastKnownFileType = sourcecode.swift; path = HistoryView.swift; sourceTree = "<group>"; };
		F8E4B7092983061600107884 /* PlusView.swift */ = {isa = PBXFileReference; lastKnownFileType = sourcecode.swift; path = PlusView.swift; sourceTree = "<group>"; };
/* End PBXFileReference section */

/* Begin PBXFrameworksBuildPhase section */
		F8B02EDA2982CBDA00A67BAB /* Frameworks */ = {
			isa = PBXFrameworksBuildPhase;
			buildActionMask = 2147483647;
			files = (
			);
			runOnlyForDeploymentPostprocessing = 0;
		};
/* End PBXFrameworksBuildPhase section */

/* Begin PBXGroup section */
		F8B02ED42982CBDA00A67BAB = {
			isa = PBXGroup;
			children = (
				F8B02EDF2982CBDA00A67BAB /* CarteiraDoPrimo */,
				F8B02EDE2982CBDA00A67BAB /* Products */,
			);
			sourceTree = "<group>";
		};
		F8B02EDE2982CBDA00A67BAB /* Products */ = {
			isa = PBXGroup;
			children = (
				F8B02EDD2982CBDA00A67BAB /* CarteiraDoPrimo.app */,
			);
			name = Products;
			sourceTree = "<group>";
		};
		F8B02EDF2982CBDA00A67BAB /* CarteiraDoPrimo */ = {
			isa = PBXGroup;
			children = (
				F8B02EE02982CBDA00A67BAB /* CarteiraDoPrimoApp.swift */,
				F8E4B6FF2982FF1500107884 /* MainView.swift */,
				F8E4B701298301B600107884 /* SummaryView.swift */,
				F8E4B703298301ED00107884 /* PortifolioView.swift */,
				F8E4B7092983061600107884 /* PlusView.swift */,
				F8E4B7052983021800107884 /* DividendsView.swift */,
				F8E4B7072983028000107884 /* HistoryView.swift */,
				F8B02EE42982CBDB00A67BAB /* Assets.xcassets */,
				F8B02EE62982CBDB00A67BAB /* Preview Content */,
				F8B02EEE2982CC3E00A67BAB /* ChartExample.swift */,
			);
			path = CarteiraDoPrimo;
			sourceTree = "<group>";
		};
		F8B02EE62982CBDB00A67BAB /* Preview Content */ = {
			isa = PBXGroup;
			children = (
				F8B02EE72982CBDB00A67BAB /* Preview Assets.xcassets */,
			);
			path = "Preview Content";
			sourceTree = "<group>";
		};
/* End PBXGroup section */

/* Begin PBXNativeTarget section */
		F8B02EDC2982CBDA00A67BAB /* CarteiraDoPrimo */ = {
			isa = PBXNativeTarget;
			buildConfigurationList = F8B02EEB2982CBDB00A67BAB /* Build configuration list for PBXNativeTarget "CarteiraDoPrimo" */;
			buildPhases = (
				F8B02ED92982CBDA00A67BAB /* Sources */,
				F8B02EDA2982CBDA00A67BAB /* Frameworks */,
				F8B02EDB2982CBDA00A67BAB /* Resources */,
			);
			buildRules = (
			);
			dependencies = (
			);
			name = CarteiraDoPrimo;
			productName = CarteiraDoPrimo;
			productReference = F8B02EDD2982CBDA00A67BAB /* CarteiraDoPrimo.app */;
			productType = "com.apple.product-type.application";
		};
/* End PBXNativeTarget section */

/* Begin PBXProject section */
		F8B02ED52982CBDA00A67BAB /* Project object */ = {
			isa = PBXProject;
			attributes = {
				BuildIndependentTargetsInParallel = 1;
				LastSwiftUpdateCheck = 1410;
				LastUpgradeCheck = 1410;
				TargetAttributes = {
					F8B02EDC2982CBDA00A67BAB = {
						CreatedOnToolsVersion = 14.1;
					};
				};
			};
			buildConfigurationList = F8B02ED82982CBDA00A67BAB /* Build configuration list for PBXProject "CarteiraDoPrimo" */;
			compatibilityVersion = "Xcode 14.0";
			developmentRegion = en;
			hasScannedForEncodings = 0;
			knownRegions = (
				en,
				Base,
			);
			mainGroup = F8B02ED42982CBDA00A67BAB;
			productRefGroup = F8B02EDE2982CBDA00A67BAB /* Products */;
			projectDirPath = "";
			projectRoot = "";
			targets = (
				F8B02EDC2982CBDA00A67BAB /* CarteiraDoPrimo */,
			);
		};
/* End PBXProject section */

/* Begin PBXResourcesBuildPhase section */
		F8B02EDB2982CBDA00A67BAB /* Resources */ = {
			isa = PBXResourcesBuildPhase;
			buildActionMask = 2147483647;
			files = (
				F8B02EE82982CBDB00A67BAB /* Preview Assets.xcassets in Resources */,
				F8B02EE52982CBDB00A67BAB /* Assets.xcassets in Resources */,
			);
			runOnlyForDeploymentPostprocessing = 0;
		};
/* End PBXResourcesBuildPhase section */

/* Begin PBXSourcesBuildPhase section */
		F8B02ED92982CBDA00A67BAB /* Sources */ = {
			isa = PBXSourcesBuildPhase;
			buildActionMask = 2147483647;
			files = (
				F8E4B70A2983061600107884 /* PlusView.swift in Sources */,
				F8B02EEF2982CC3F00A67BAB /* ChartExample.swift in Sources */,
				F8E4B7082983028000107884 /* HistoryView.swift in Sources */,
				F8E4B7062983021800107884 /* DividendsView.swift in Sources */,
				F8E4B704298301ED00107884 /* PortifolioView.swift in Sources */,
				F8E4B7002982FF1500107884 /* MainView.swift in Sources */,
				F8E4B702298301B600107884 /* SummaryView.swift in Sources */,
				F8B02EE12982CBDA00A67BAB /* CarteiraDoPrimoApp.swift in Sources */,
			);
			runOnlyForDeploymentPostprocessing = 0;
		};
/* End PBXSourcesBuildPhase section */

/* Begin XCBuildConfiguration section */
		F8B02EE92982CBDB00A67BAB /* Debug */ = {
			isa = XCBuildConfiguration;
			buildSettings = {
				ALWAYS_SEARCH_USER_PATHS = NO;
				CLANG_ANALYZER_NONNULL = YES;
				CLANG_ANALYZER_NUMBER_OBJECT_CONVERSION = YES_AGGRESSIVE;
				CLANG_CXX_LANGUAGE_STANDARD = "gnu++20";
				CLANG_ENABLE_MODULES = YES;
				CLANG_ENABLE_OBJC_ARC = YES;
				CLANG_ENABLE_OBJC_WEAK = YES;
				CLANG_WARN_BLOCK_CAPTURE_AUTORELEASING = YES;
				CLANG_WARN_BOOL_CONVERSION = YES;
				CLANG_WARN_COMMA = YES;
				CLANG_WARN_CONSTANT_CONVERSION = YES;
				CLANG_WARN_DEPRECATED_OBJC_IMPLEMENTATIONS = YES;
				CLANG_WARN_DIRECT_OBJC_ISA_USAGE = YES_ERROR;
				CLANG_WARN_DOCUMENTATION_COMMENTS = YES;
				CLANG_WARN_EMPTY_BODY = YES;
				CLANG_WARN_ENUM_CONVERSION = YES;
				CLANG_WARN_INFINITE_RECURSION = YES;
				CLANG_WARN_INT_CONVERSION = YES;
				CLANG_WARN_NON_LITERAL_NULL_CONVERSION = YES;
				CLANG_WARN_OBJC_IMPLICIT_RETAIN_SELF = YES;
				CLANG_WARN_OBJC_LITERAL_CONVERSION = YES;
				CLANG_WARN_OBJC_ROOT_CLASS = YES_ERROR;
				CLANG_WARN_QUOTED_INCLUDE_IN_FRAMEWORK_HEADER = YES;
				CLANG_WARN_RANGE_LOOP_ANALYSIS = YES;
				CLANG_WARN_STRICT_PROTOTYPES = YES;
				CLANG_WARN_SUSPICIOUS_MOVE = YES;
				CLANG_WARN_UNGUARDED_AVAILABILITY = YES_AGGRESSIVE;
				CLANG_WARN_UNREACHABLE_CODE = YES;
				CLANG_WARN__DUPLICATE_METHOD_MATCH = YES;
				COPY_PHASE_STRIP = NO;
				DEBUG_INFORMATION_FORMAT = dwarf;
				ENABLE_STRICT_OBJC_MSGSEND = YES;
				ENABLE_TESTABILITY = YES;
				GCC_C_LANGUAGE_STANDARD = gnu11;
				GCC_DYNAMIC_NO_PIC = NO;
				GCC_NO_COMMON_BLOCKS = YES;
				GCC_OPTIMIZATION_LEVEL = 0;
				GCC_PREPROCESSOR_DEFINITIONS = (
					"DEBUG=1",
					"$(inherited)",
				);
				GCC_WARN_64_TO_32_BIT_CONVERSION = YES;
				GCC_WARN_ABOUT_RETURN_TYPE = YES_ERROR;
				GCC_WARN_UNDECLARED_SELECTOR = YES;
				GCC_WARN_UNINITIALIZED_AUTOS = YES_AGGRESSIVE;
				GCC_WARN_UNUSED_FUNCTION = YES;
				GCC_WARN_UNUSED_VARIABLE = YES;
				IPHONEOS_DEPLOYMENT_TARGET = 16.1;
				MTL_ENABLE_DEBUG_INFO = INCLUDE_SOURCE;
				MTL_FAST_MATH = YES;
				ONLY_ACTIVE_ARCH = YES;
				SDKROOT = iphoneos;
				SWIFT_ACTIVE_COMPILATION_CONDITIONS = DEBUG;
				SWIFT_OPTIMIZATION_LEVEL = "-Onone";
			};
			name = Debug;
		};
		F8B02EEA2982CBDB00A67BAB /* Release */ = {
			isa = XCBuildConfiguration;
			buildSettings = {
				ALWAYS_SEARCH_USER_PATHS = NO;
				CLANG_ANALYZER_NONNULL = YES;
				CLANG_ANALYZER_NUMBER_OBJECT_CONVERSION = YES_AGGRESSIVE;
				CLANG_CXX_LANGUAGE_STANDARD = "gnu++20";
				CLANG_ENABLE_MODULES = YES;
				CLANG_ENABLE_OBJC_ARC = YES;
				CLANG_ENABLE_OBJC_WEAK = YES;
				CLANG_WARN_BLOCK_CAPTURE_AUTORELEASING = YES;
				CLANG_WARN_BOOL_CONVERSION = YES;
				CLANG_WARN_COMMA = YES;
				CLANG_WARN_CONSTANT_CONVERSION = YES;
				CLANG_WARN_DEPRECATED_OBJC_IMPLEMENTATIONS = YES;
				CLANG_WARN_DIRECT_OBJC_ISA_USAGE = YES_ERROR;
				CLANG_WARN_DOCUMENTATION_COMMENTS = YES;
				CLANG_WARN_EMPTY_BODY = YES;
				CLANG_WARN_ENUM_CONVERSION = YES;
				CLANG_WARN_INFINITE_RECURSION = YES;
				CLANG_WARN_INT_CONVERSION = YES;
				CLANG_WARN_NON_LITERAL_NULL_CONVERSION = YES;
				CLANG_WARN_OBJC_IMPLICIT_RETAIN_SELF = YES;
				CLANG_WARN_OBJC_LITERAL_CONVERSION = YES;
				CLANG_WARN_OBJC_ROOT_CLASS = YES_ERROR;
				CLANG_WARN_QUOTED_INCLUDE_IN_FRAMEWORK_HEADER = YES;
				CLANG_WARN_RANGE_LOOP_ANALYSIS = YES;
				CLANG_WARN_STRICT_PROTOTYPES = YES;
				CLANG_WARN_SUSPICIOUS_MOVE = YES;
				CLANG_WARN_UNGUARDED_AVAILABILITY = YES_AGGRESSIVE;
				CLANG_WARN_UNREACHABLE_CODE = YES;
				CLANG_WARN__DUPLICATE_METHOD_MATCH = YES;
				COPY_PHASE_STRIP = NO;
				DEBUG_INFORMATION_FORMAT = "dwarf-with-dsym";
				ENABLE_NS_ASSERTIONS = NO;
				ENABLE_STRICT_OBJC_MSGSEND = YES;
				GCC_C_LANGUAGE_STANDARD = gnu11;
				GCC_NO_COMMON_BLOCKS = YES;
				GCC_WARN_64_TO_32_BIT_CONVERSION = YES;
				GCC_WARN_ABOUT_RETURN_TYPE = YES_ERROR;
				GCC_WARN_UNDECLARED_SELECTOR = YES;
				GCC_WARN_UNINITIALIZED_AUTOS = YES_AGGRESSIVE;
				GCC_WARN_UNUSED_FUNCTION = YES;
				GCC_WARN_UNUSED_VARIABLE = YES;
				IPHONEOS_DEPLOYMENT_TARGET = 16.1;
				MTL_ENABLE_DEBUG_INFO = NO;
				MTL_FAST_MATH = YES;
				SDKROOT = iphoneos;
				SWIFT_COMPILATION_MODE = wholemodule;
				SWIFT_OPTIMIZATION_LEVEL = "-O";
				VALIDATE_PRODUCT = YES;
			};
			name = Release;
		};
		F8B02EEC2982CBDB00A67BAB /* Debug */ = {
			isa = XCBuildConfiguration;
			buildSettings = {
				ASSETCATALOG_COMPILER_APPICON_NAME = AppIcon;
				ASSETCATALOG_COMPILER_GLOBAL_ACCENT_COLOR_NAME = AccentColor;
				CODE_SIGN_STYLE = Automatic;
				CURRENT_PROJECT_VERSION = 1;
				DEVELOPMENT_ASSET_PATHS = "\"CarteiraDoPrimo/Preview Content\"";
				DEVELOPMENT_TEAM = EKZMJ583Y3;
				ENABLE_PREVIEWS = YES;
				GENERATE_INFOPLIST_FILE = YES;
				INFOPLIST_KEY_UIApplicationSceneManifest_Generation = YES;
				INFOPLIST_KEY_UIApplicationSupportsIndirectInputEvents = YES;
				INFOPLIST_KEY_UILaunchScreen_Generation = YES;
				INFOPLIST_KEY_UISupportedInterfaceOrientations_iPad = "UIInterfaceOrientationPortrait UIInterfaceOrientationPortraitUpsideDown UIInterfaceOrientationLandscapeLeft UIInterfaceOrientationLandscapeRight";
				INFOPLIST_KEY_UISupportedInterfaceOrientations_iPhone = "UIInterfaceOrientationPortrait UIInterfaceOrientationLandscapeLeft UIInterfaceOrientationLandscapeRight";
				LD_RUNPATH_SEARCH_PATHS = (
					"$(inherited)",
					"@executable_path/Frameworks",
				);
				MARKETING_VERSION = 1.0;
				PRODUCT_BUNDLE_IDENTIFIER = com.CRG.CarteiraDoPrimo;
				PRODUCT_NAME = "$(TARGET_NAME)";
				SWIFT_EMIT_LOC_STRINGS = YES;
				SWIFT_VERSION = 5.0;
				TARGETED_DEVICE_FAMILY = "1,2";
			};
			name = Debug;
		};
		F8B02EED2982CBDB00A67BAB /* Release */ = {
			isa = XCBuildConfiguration;
			buildSettings = {
				ASSETCATALOG_COMPILER_APPICON_NAME = AppIcon;
				ASSETCATALOG_COMPILER_GLOBAL_ACCENT_COLOR_NAME = AccentColor;
				CODE_SIGN_STYLE = Automatic;
				CURRENT_PROJECT_VERSION = 1;
				DEVELOPMENT_ASSET_PATHS = "\"CarteiraDoPrimo/Preview Content\"";
				DEVELOPMENT_TEAM = EKZMJ583Y3;
				ENABLE_PREVIEWS = YES;
				GENERATE_INFOPLIST_FILE = YES;
				INFOPLIST_KEY_UIApplicationSceneManifest_Generation = YES;
				INFOPLIST_KEY_UIApplicationSupportsIndirectInputEvents = YES;
				INFOPLIST_KEY_UILaunchScreen_Generation = YES;
				INFOPLIST_KEY_UISupportedInterfaceOrientations_iPad = "UIInterfaceOrientationPortrait UIInterfaceOrientationPortraitUpsideDown UIInterfaceOrientationLandscapeLeft UIInterfaceOrientationLandscapeRight";
				INFOPLIST_KEY_UISupportedInterfaceOrientations_iPhone = "UIInterfaceOrientationPortrait UIInterfaceOrientationLandscapeLeft UIInterfaceOrientationLandscapeRight";
				LD_RUNPATH_SEARCH_PATHS = (
					"$(inherited)",
					"@executable_path/Frameworks",
				);
				MARKETING_VERSION = 1.0;
				PRODUCT_BUNDLE_IDENTIFIER = com.CRG.CarteiraDoPrimo;
				PRODUCT_NAME = "$(TARGET_NAME)";
				SWIFT_EMIT_LOC_STRINGS = YES;
				SWIFT_VERSION = 5.0;
				TARGETED_DEVICE_FAMILY = "1,2";
			};
			name = Release;
		};
/* End XCBuildConfiguration section */

/* Begin XCConfigurationList section */
		F8B02ED82982CBDA00A67BAB /* Build configuration list for PBXProject "CarteiraDoPrimo" */ = {
			isa = XCConfigurationList;
			buildConfigurations = (
				F8B02EE92982CBDB00A67BAB /* Debug */,
				F8B02EEA2982CBDB00A67BAB /* Release */,
			);
			defaultConfigurationIsVisible = 0;
			defaultConfigurationName = Release;
		};
		F8B02EEB2982CBDB00A67BAB /* Build configuration list for PBXNativeTarget "CarteiraDoPrimo" */ = {
			isa = XCConfigurationList;
			buildConfigurations = (
				F8B02EEC2982CBDB00A67BAB /* Debug */,
				F8B02EED2982CBDB00A67BAB /* Release */,
			);
			defaultConfigurationIsVisible = 0;
			defaultConfigurationName = Release;
		};
/* End XCConfigurationList section */
	};
	rootObject = F8B02ED52982CBDA00A67BAB /* Project object */;
}
